// !$*UTF8*$!
{
	archiveVersion = 1;
	classes = {
	};
	objectVersion = 50;
	objects = {

/* Begin PBXBuildFile section */
		A6639CDB21BF5A6C006F5CE8 /* AppDelegate.m in Sources */ = {isa = PBXBuildFile; fileRef = A6639CDA21BF5A6C006F5CE8 /* AppDelegate.m */; };
		A6639CDE21BF5A6C006F5CE8 /* ViewController.m in Sources */ = {isa = PBXBuildFile; fileRef = A6639CDD21BF5A6C006F5CE8 /* ViewController.m */; };
		A6639CE121BF5A6C006F5CE8 /* Main.storyboard in Resources */ = {isa = PBXBuildFile; fileRef = A6639CDF21BF5A6C006F5CE8 /* Main.storyboard */; };
		A6639CE321BF5A6D006F5CE8 /* Assets.xcassets in Resources */ = {isa = PBXBuildFile; fileRef = A6639CE221BF5A6D006F5CE8 /* Assets.xcassets */; };
		A6639CE621BF5A6D006F5CE8 /* LaunchScreen.storyboard in Resources */ = {isa = PBXBuildFile; fileRef = A6639CE421BF5A6D006F5CE8 /* LaunchScreen.storyboard */; };
		A6639CE921BF5A6D006F5CE8 /* main.m in Sources */ = {isa = PBXBuildFile; fileRef = A6639CE821BF5A6D006F5CE8 /* main.m */; };
		A6639CF321BF5A6D006F5CE8 /* JFAudioUnitTests.m in Sources */ = {isa = PBXBuildFile; fileRef = A6639CF221BF5A6D006F5CE8 /* JFAudioUnitTests.m */; };
		A6639CFE21BF5A6D006F5CE8 /* JFAudioUnitUITests.m in Sources */ = {isa = PBXBuildFile; fileRef = A6639CFD21BF5A6D006F5CE8 /* JFAudioUnitUITests.m */; };
		A6639D0D21BF5AF4006F5CE8 /* JFAudioViewController.m in Sources */ = {isa = PBXBuildFile; fileRef = A6639D0C21BF5AF4006F5CE8 /* JFAudioViewController.m */; };
		A6639D1021BFA290006F5CE8 /* JFAudioUtil.m in Sources */ = {isa = PBXBuildFile; fileRef = A6639D0F21BFA290006F5CE8 /* JFAudioUtil.m */; };
		CC4A10406854EFE9B7B7FD2B /* Pods_JFAudioUnit.framework in Frameworks */ = {isa = PBXBuildFile; fileRef = 5FA97122CC843AED59F1BBE1 /* Pods_JFAudioUnit.framework */; };
/* End PBXBuildFile section */

/* Begin PBXContainerItemProxy section */
		A6639CEF21BF5A6D006F5CE8 /* PBXContainerItemProxy */ = {
			isa = PBXContainerItemProxy;
			containerPortal = A6639CCE21BF5A6C006F5CE8 /* Project object */;
			proxyType = 1;
			remoteGlobalIDString = A6639CD521BF5A6C006F5CE8;
			remoteInfo = JFAudioUnit;
		};
		A6639CFA21BF5A6D006F5CE8 /* PBXContainerItemProxy */ = {
			isa = PBXContainerItemProxy;
			containerPortal = A6639CCE21BF5A6C006F5CE8 /* Project object */;
			proxyType = 1;
			remoteGlobalIDString = A6639CD521BF5A6C006F5CE8;
			remoteInfo = JFAudioUnit;
		};
/* End PBXContainerItemProxy section */

/* Begin PBXFileReference section */
		5FA97122CC843AED59F1BBE1 /* Pods_JFAudioUnit.framework */ = {isa = PBXFileReference; explicitFileType = wrapper.framework; includeInIndex = 0; path = Pods_JFAudioUnit.framework; sourceTree = BUILT_PRODUCTS_DIR; };
		6F7AEFB31D3F002FDA5ED8B0 /* Pods-JFAudioUnit.release.xcconfig */ = {isa = PBXFileReference; includeInIndex = 1; lastKnownFileType = text.xcconfig; name = "Pods-JFAudioUnit.release.xcconfig"; path = "Pods/Target Support Files/Pods-JFAudioUnit/Pods-JFAudioUnit.release.xcconfig"; sourceTree = "<group>"; };
		9D47F80C852D0083C2B7C42C /* Pods-JFAudioUnit.debug.xcconfig */ = {isa = PBXFileReference; includeInIndex = 1; lastKnownFileType = text.xcconfig; name = "Pods-JFAudioUnit.debug.xcconfig"; path = "Pods/Target Support Files/Pods-JFAudioUnit/Pods-JFAudioUnit.debug.xcconfig"; sourceTree = "<group>"; };
		A6639CD621BF5A6C006F5CE8 /* JFAudioUnit.app */ = {isa = PBXFileReference; explicitFileType = wrapper.application; includeInIndex = 0; path = JFAudioUnit.app; sourceTree = BUILT_PRODUCTS_DIR; };
		A6639CD921BF5A6C006F5CE8 /* AppDelegate.h */ = {isa = PBXFileReference; lastKnownFileType = sourcecode.c.h; path = AppDelegate.h; sourceTree = "<group>"; };
		A6639CDA21BF5A6C006F5CE8 /* AppDelegate.m */ = {isa = PBXFileReference; lastKnownFileType = sourcecode.c.objc; path = AppDelegate.m; sourceTree = "<group>"; };
		A6639CDC21BF5A6C006F5CE8 /* ViewController.h */ = {isa = PBXFileReference; lastKnownFileType = sourcecode.c.h; path = ViewController.h; sourceTree = "<group>"; };
		A6639CDD21BF5A6C006F5CE8 /* ViewController.m */ = {isa = PBXFileReference; lastKnownFileType = sourcecode.c.objc; path = ViewController.m; sourceTree = "<group>"; };
		A6639CE021BF5A6C006F5CE8 /* Base */ = {isa = PBXFileReference; lastKnownFileType = file.storyboard; name = Base; path = Base.lproj/Main.storyboard; sourceTree = "<group>"; };
		A6639CE221BF5A6D006F5CE8 /* Assets.xcassets */ = {isa = PBXFileReference; lastKnownFileType = folder.assetcatalog; path = Assets.xcassets; sourceTree = "<group>"; };
		A6639CE521BF5A6D006F5CE8 /* Base */ = {isa = PBXFileReference; lastKnownFileType = file.storyboard; name = Base; path = Base.lproj/LaunchScreen.storyboard; sourceTree = "<group>"; };
		A6639CE721BF5A6D006F5CE8 /* Info.plist */ = {isa = PBXFileReference; lastKnownFileType = text.plist.xml; path = Info.plist; sourceTree = "<group>"; };
		A6639CE821BF5A6D006F5CE8 /* main.m */ = {isa = PBXFileReference; lastKnownFileType = sourcecode.c.objc; path = main.m; sourceTree = "<group>"; };
		A6639CEE21BF5A6D006F5CE8 /* JFAudioUnitTests.xctest */ = {isa = PBXFileReference; explicitFileType = wrapper.cfbundle; includeInIndex = 0; path = JFAudioUnitTests.xctest; sourceTree = BUILT_PRODUCTS_DIR; };
		A6639CF221BF5A6D006F5CE8 /* JFAudioUnitTests.m */ = {isa = PBXFileReference; lastKnownFileType = sourcecode.c.objc; path = JFAudioUnitTests.m; sourceTree = "<group>"; };
		A6639CF421BF5A6D006F5CE8 /* Info.plist */ = {isa = PBXFileReference; lastKnownFileType = text.plist.xml; path = Info.plist; sourceTree = "<group>"; };
		A6639CF921BF5A6D006F5CE8 /* JFAudioUnitUITests.xctest */ = {isa = PBXFileReference; explicitFileType = wrapper.cfbundle; includeInIndex = 0; path = JFAudioUnitUITests.xctest; sourceTree = BUILT_PRODUCTS_DIR; };
		A6639CFD21BF5A6D006F5CE8 /* JFAudioUnitUITests.m */ = {isa = PBXFileReference; lastKnownFileType = sourcecode.c.objc; path = JFAudioUnitUITests.m; sourceTree = "<group>"; };
		A6639CFF21BF5A6D006F5CE8 /* Info.plist */ = {isa = PBXFileReference; lastKnownFileType = text.plist.xml; path = Info.plist; sourceTree = "<group>"; };
		A6639D0B21BF5AF3006F5CE8 /* JFAudioViewController.h */ = {isa = PBXFileReference; fileEncoding = 4; lastKnownFileType = sourcecode.c.h; path = JFAudioViewController.h; sourceTree = "<group>"; };
		A6639D0C21BF5AF4006F5CE8 /* JFAudioViewController.m */ = {isa = PBXFileReference; fileEncoding = 4; lastKnownFileType = sourcecode.c.objc; path = JFAudioViewController.m; sourceTree = "<group>"; };
		A6639D0E21BFA290006F5CE8 /* JFAudioUtil.h */ = {isa = PBXFileReference; lastKnownFileType = sourcecode.c.h; path = JFAudioUtil.h; sourceTree = "<group>"; };
		A6639D0F21BFA290006F5CE8 /* JFAudioUtil.m */ = {isa = PBXFileReference; lastKnownFileType = sourcecode.c.objc; path = JFAudioUtil.m; sourceTree = "<group>"; };
/* End PBXFileReference section */

/* Begin PBXFrameworksBuildPhase section */
		A6639CD321BF5A6C006F5CE8 /* Frameworks */ = {
			isa = PBXFrameworksBuildPhase;
			buildActionMask = 2147483647;
			files = (
				CC4A10406854EFE9B7B7FD2B /* Pods_JFAudioUnit.framework in Frameworks */,
			);
			runOnlyForDeploymentPostprocessing = 0;
		};
		A6639CEB21BF5A6D006F5CE8 /* Frameworks */ = {
			isa = PBXFrameworksBuildPhase;
			buildActionMask = 2147483647;
			files = (
			);
			runOnlyForDeploymentPostprocessing = 0;
		};
		A6639CF621BF5A6D006F5CE8 /* Frameworks */ = {
			isa = PBXFrameworksBuildPhase;
			buildActionMask = 2147483647;
			files = (
			);
			runOnlyForDeploymentPostprocessing = 0;
		};
/* End PBXFrameworksBuildPhase section */

/* Begin PBXGroup section */
		1E4CDCFFA7D2C0F2CF23DECD /* Frameworks */ = {
			isa = PBXGroup;
			children = (
				5FA97122CC843AED59F1BBE1 /* Pods_JFAudioUnit.framework */,
			);
			name = Frameworks;
			sourceTree = "<group>";
		};
		A6639CCD21BF5A6C006F5CE8 = {
			isa = PBXGroup;
			children = (
				A6639CD821BF5A6C006F5CE8 /* JFAudioUnit */,
				A6639CF121BF5A6D006F5CE8 /* JFAudioUnitTests */,
				A6639CFC21BF5A6D006F5CE8 /* JFAudioUnitUITests */,
				A6639CD721BF5A6C006F5CE8 /* Products */,
				F1D32FAA5C236DEF2ACAF366 /* Pods */,
				1E4CDCFFA7D2C0F2CF23DECD /* Frameworks */,
			);
			sourceTree = "<group>";
		};
		A6639CD721BF5A6C006F5CE8 /* Products */ = {
			isa = PBXGroup;
			children = (
				A6639CD621BF5A6C006F5CE8 /* JFAudioUnit.app */,
				A6639CEE21BF5A6D006F5CE8 /* JFAudioUnitTests.xctest */,
				A6639CF921BF5A6D006F5CE8 /* JFAudioUnitUITests.xctest */,
			);
			name = Products;
			sourceTree = "<group>";
		};
		A6639CD821BF5A6C006F5CE8 /* JFAudioUnit */ = {
			isa = PBXGroup;
			children = (
				A6639CD921BF5A6C006F5CE8 /* AppDelegate.h */,
				A6639CDA21BF5A6C006F5CE8 /* AppDelegate.m */,
				A6639CDC21BF5A6C006F5CE8 /* ViewController.h */,
				A6639CDD21BF5A6C006F5CE8 /* ViewController.m */,
				A6639D0B21BF5AF3006F5CE8 /* JFAudioViewController.h */,
				A6639D0C21BF5AF4006F5CE8 /* JFAudioViewController.m */,
				A6639CDF21BF5A6C006F5CE8 /* Main.storyboard */,
				A6639CE221BF5A6D006F5CE8 /* Assets.xcassets */,
				A6639CE421BF5A6D006F5CE8 /* LaunchScreen.storyboard */,
				A6639CE721BF5A6D006F5CE8 /* Info.plist */,
				A6639CE821BF5A6D006F5CE8 /* main.m */,
				A6639D0E21BFA290006F5CE8 /* JFAudioUtil.h */,
				A6639D0F21BFA290006F5CE8 /* JFAudioUtil.m */,
			);
			path = JFAudioUnit;
			sourceTree = "<group>";
		};
		A6639CF121BF5A6D006F5CE8 /* JFAudioUnitTests */ = {
			isa = PBXGroup;
			children = (
				A6639CF221BF5A6D006F5CE8 /* JFAudioUnitTests.m */,
				A6639CF421BF5A6D006F5CE8 /* Info.plist */,
			);
			path = JFAudioUnitTests;
			sourceTree = "<group>";
		};
		A6639CFC21BF5A6D006F5CE8 /* JFAudioUnitUITests */ = {
			isa = PBXGroup;
			children = (
				A6639CFD21BF5A6D006F5CE8 /* JFAudioUnitUITests.m */,
				A6639CFF21BF5A6D006F5CE8 /* Info.plist */,
			);
			path = JFAudioUnitUITests;
			sourceTree = "<group>";
		};
		F1D32FAA5C236DEF2ACAF366 /* Pods */ = {
			isa = PBXGroup;
			children = (
				9D47F80C852D0083C2B7C42C /* Pods-JFAudioUnit.debug.xcconfig */,
				6F7AEFB31D3F002FDA5ED8B0 /* Pods-JFAudioUnit.release.xcconfig */,
			);
			name = Pods;
			sourceTree = "<group>";
		};
/* End PBXGroup section */

/* Begin PBXNativeTarget section */
		A6639CD521BF5A6C006F5CE8 /* JFAudioUnit */ = {
			isa = PBXNativeTarget;
			buildConfigurationList = A6639D0221BF5A6D006F5CE8 /* Build configuration list for PBXNativeTarget "JFAudioUnit" */;
			buildPhases = (
				305F1367FB73C29438502C22 /* [CP] Check Pods Manifest.lock */,
				A6639CD221BF5A6C006F5CE8 /* Sources */,
				A6639CD321BF5A6C006F5CE8 /* Frameworks */,
				A6639CD421BF5A6C006F5CE8 /* Resources */,
				95A0C9812D2AE477A67D34BA /* [CP] Embed Pods Frameworks */,
			);
			buildRules = (
			);
			dependencies = (
			);
			name = JFAudioUnit;
			productName = JFAudioUnit;
			productReference = A6639CD621BF5A6C006F5CE8 /* JFAudioUnit.app */;
			productType = "com.apple.product-type.application";
		};
		A6639CED21BF5A6D006F5CE8 /* JFAudioUnitTests */ = {
			isa = PBXNativeTarget;
			buildConfigurationList = A6639D0521BF5A6D006F5CE8 /* Build configuration list for PBXNativeTarget "JFAudioUnitTests" */;
			buildPhases = (
				A6639CEA21BF5A6D006F5CE8 /* Sources */,
				A6639CEB21BF5A6D006F5CE8 /* Frameworks */,
				A6639CEC21BF5A6D006F5CE8 /* Resources */,
			);
			buildRules = (
			);
			dependencies = (
				A6639CF021BF5A6D006F5CE8 /* PBXTargetDependency */,
			);
			name = JFAudioUnitTests;
			productName = JFAudioUnitTests;
			productReference = A6639CEE21BF5A6D006F5CE8 /* JFAudioUnitTests.xctest */;
			productType = "com.apple.product-type.bundle.unit-test";
		};
		A6639CF821BF5A6D006F5CE8 /* JFAudioUnitUITests */ = {
			isa = PBXNativeTarget;
			buildConfigurationList = A6639D0821BF5A6D006F5CE8 /* Build configuration list for PBXNativeTarget "JFAudioUnitUITests" */;
			buildPhases = (
				A6639CF521BF5A6D006F5CE8 /* Sources */,
				A6639CF621BF5A6D006F5CE8 /* Frameworks */,
				A6639CF721BF5A6D006F5CE8 /* Resources */,
			);
			buildRules = (
			);
			dependencies = (
				A6639CFB21BF5A6D006F5CE8 /* PBXTargetDependency */,
			);
			name = JFAudioUnitUITests;
			productName = JFAudioUnitUITests;
			productReference = A6639CF921BF5A6D006F5CE8 /* JFAudioUnitUITests.xctest */;
			productType = "com.apple.product-type.bundle.ui-testing";
		};
/* End PBXNativeTarget section */

/* Begin PBXProject section */
		A6639CCE21BF5A6C006F5CE8 /* Project object */ = {
			isa = PBXProject;
			attributes = {
				LastUpgradeCheck = 1010;
				ORGANIZATIONNAME = com.hpf;
				TargetAttributes = {
					A6639CD521BF5A6C006F5CE8 = {
						CreatedOnToolsVersion = 10.1;
					};
					A6639CED21BF5A6D006F5CE8 = {
						CreatedOnToolsVersion = 10.1;
						TestTargetID = A6639CD521BF5A6C006F5CE8;
					};
					A6639CF821BF5A6D006F5CE8 = {
						CreatedOnToolsVersion = 10.1;
						TestTargetID = A6639CD521BF5A6C006F5CE8;
					};
				};
			};
			buildConfigurationList = A6639CD121BF5A6C006F5CE8 /* Build configuration list for PBXProject "JFAudioUnit" */;
			compatibilityVersion = "Xcode 9.3";
			developmentRegion = en;
			hasScannedForEncodings = 0;
			knownRegions = (
				en,
				Base,
			);
			mainGroup = A6639CCD21BF5A6C006F5CE8;
			productRefGroup = A6639CD721BF5A6C006F5CE8 /* Products */;
			projectDirPath = "";
			projectRoot = "";
			targets = (
				A6639CD521BF5A6C006F5CE8 /* JFAudioUnit */,
				A6639CED21BF5A6D006F5CE8 /* JFAudioUnitTests */,
				A6639CF821BF5A6D006F5CE8 /* JFAudioUnitUITests */,
			);
		};
/* End PBXProject section */

/* Begin PBXResourcesBuildPhase section */
		A6639CD421BF5A6C006F5CE8 /* Resources */ = {
			isa = PBXResourcesBuildPhase;
			buildActionMask = 2147483647;
			files = (
				A6639CE621BF5A6D006F5CE8 /* LaunchScreen.storyboard in Resources */,
				A6639CE321BF5A6D006F5CE8 /* Assets.xcassets in Resources */,
				A6639CE121BF5A6C006F5CE8 /* Main.storyboard in Resources */,
			);
			runOnlyForDeploymentPostprocessing = 0;
		};
		A6639CEC21BF5A6D006F5CE8 /* Resources */ = {
			isa = PBXResourcesBuildPhase;
			buildActionMask = 2147483647;
			files = (
			);
			runOnlyForDeploymentPostprocessing = 0;
		};
		A6639CF721BF5A6D006F5CE8 /* Resources */ = {
			isa = PBXResourcesBuildPhase;
			buildActionMask = 2147483647;
			files = (
			);
			runOnlyForDeploymentPostprocessing = 0;
		};
/* End PBXResourcesBuildPhase section */

/* Begin PBXShellScriptBuildPhase section */
		305F1367FB73C29438502C22 /* [CP] Check Pods Manifest.lock */ = {
			isa = PBXShellScriptBuildPhase;
			buildActionMask = 2147483647;
			files = (
			);
			inputFileListPaths = (
			);
			inputPaths = (
				"${PODS_PODFILE_DIR_PATH}/Podfile.lock",
				"${PODS_ROOT}/Manifest.lock",
			);
			name = "[CP] Check Pods Manifest.lock";
			outputFileListPaths = (
			);
			outputPaths = (
				"$(DERIVED_FILE_DIR)/Pods-JFAudioUnit-checkManifestLockResult.txt",
			);
			runOnlyForDeploymentPostprocessing = 0;
			shellPath = /bin/sh;
			shellScript = "diff \"${PODS_PODFILE_DIR_PATH}/Podfile.lock\" \"${PODS_ROOT}/Manifest.lock\" > /dev/null\nif [ $? != 0 ] ; then\n    # print error to STDERR\n    echo \"error: The sandbox is not in sync with the Podfile.lock. Run 'pod install' or update your CocoaPods installation.\" >&2\n    exit 1\nfi\n# This output is used by Xcode 'outputs' to avoid re-running this script phase.\necho \"SUCCESS\" > \"${SCRIPT_OUTPUT_FILE_0}\"\n";
			showEnvVarsInLog = 0;
		};
		95A0C9812D2AE477A67D34BA /* [CP] Embed Pods Frameworks */ = {
			isa = PBXShellScriptBuildPhase;
			buildActionMask = 2147483647;
			files = (
			);
			inputFileListPaths = (
			);
			inputPaths = (
				"${SRCROOT}/Pods/Target Support Files/Pods-JFAudioUnit/Pods-JFAudioUnit-frameworks.sh",
				"${BUILT_PRODUCTS_DIR}/GPUImage/GPUImage.framework",
			);
			name = "[CP] Embed Pods Frameworks";
			outputFileListPaths = (
			);
			outputPaths = (
				"${TARGET_BUILD_DIR}/${FRAMEWORKS_FOLDER_PATH}/GPUImage.framework",
			);
			runOnlyForDeploymentPostprocessing = 0;
			shellPath = /bin/sh;
			shellScript = "\"${SRCROOT}/Pods/Target Support Files/Pods-JFAudioUnit/Pods-JFAudioUnit-frameworks.sh\"\n";
			showEnvVarsInLog = 0;
		};
/* End PBXShellScriptBuildPhase section */

/* Begin PBXSourcesBuildPhase section */
		A6639CD221BF5A6C006F5CE8 /* Sources */ = {
			isa = PBXSourcesBuildPhase;
			buildActionMask = 2147483647;
			files = (
				A6639CDE21BF5A6C006F5CE8 /* ViewController.m in Sources */,
				A6639CE921BF5A6D006F5CE8 /* main.m in Sources */,
				A6639CDB21BF5A6C006F5CE8 /* AppDelegate.m in Sources */,
				A6639D0D21BF5AF4006F5CE8 /* JFAudioViewController.m in Sources */,
				A6639D1021BFA290006F5CE8 /* JFAudioUtil.m in Sources */,
			);
			runOnlyForDeploymentPostprocessing = 0;
		};
		A6639CEA21BF5A6D006F5CE8 /* Sources */ = {
			isa = PBXSourcesBuildPhase;
			buildActionMask = 2147483647;
			files = (
				A6639CF321BF5A6D006F5CE8 /* JFAudioUnitTests.m in Sources */,
			);
			runOnlyForDeploymentPostprocessing = 0;
		};
		A6639CF521BF5A6D006F5CE8 /* Sources */ = {
			isa = PBXSourcesBuildPhase;
			buildActionMask = 2147483647;
			files = (
				A6639CFE21BF5A6D006F5CE8 /* JFAudioUnitUITests.m in Sources */,
			);
			runOnlyForDeploymentPostprocessing = 0;
		};
/* End PBXSourcesBuildPhase section */

/* Begin PBXTargetDependency section */
		A6639CF021BF5A6D006F5CE8 /* PBXTargetDependency */ = {
			isa = PBXTargetDependency;
			target = A6639CD521BF5A6C006F5CE8 /* JFAudioUnit */;
			targetProxy = A6639CEF21BF5A6D006F5CE8 /* PBXContainerItemProxy */;
		};
		A6639CFB21BF5A6D006F5CE8 /* PBXTargetDependency */ = {
			isa = PBXTargetDependency;
			target = A6639CD521BF5A6C006F5CE8 /* JFAudioUnit */;
			targetProxy = A6639CFA21BF5A6D006F5CE8 /* PBXContainerItemProxy */;
		};
/* End PBXTargetDependency section */

/* Begin PBXVariantGroup section */
		A6639CDF21BF5A6C006F5CE8 /* Main.storyboard */ = {
			isa = PBXVariantGroup;
			children = (
				A6639CE021BF5A6C006F5CE8 /* Base */,
			);
			name = Main.storyboard;
			sourceTree = "<group>";
		};
		A6639CE421BF5A6D006F5CE8 /* LaunchScreen.storyboard */ = {
			isa = PBXVariantGroup;
			children = (
				A6639CE521BF5A6D006F5CE8 /* Base */,
			);
			name = LaunchScreen.storyboard;
			sourceTree = "<group>";
		};
/* End PBXVariantGroup section */

/* Begin XCBuildConfiguration section */
		A6639D0021BF5A6D006F5CE8 /* Debug */ = {
			isa = XCBuildConfiguration;
			buildSettings = {
				ALWAYS_SEARCH_USER_PATHS = NO;
				CLANG_ANALYZER_NONNULL = YES;
				CLANG_ANALYZER_NUMBER_OBJECT_CONVERSION = YES_AGGRESSIVE;
				CLANG_CXX_LANGUAGE_STANDARD = "gnu++14";
				CLANG_CXX_LIBRARY = "libc++";
				CLANG_ENABLE_MODULES = YES;
				CLANG_ENABLE_OBJC_ARC = YES;
				CLANG_ENABLE_OBJC_WEAK = YES;
				CLANG_WARN_BLOCK_CAPTURE_AUTORELEASING = YES;
				CLANG_WARN_BOOL_CONVERSION = YES;
				CLANG_WARN_COMMA = YES;
				CLANG_WARN_CONSTANT_CONVERSION = YES;
				CLANG_WARN_DEPRECATED_OBJC_IMPLEMENTATIONS = YES;
				CLANG_WARN_DIRECT_OBJC_ISA_USAGE = YES_ERROR;
				CLANG_WARN_DOCUMENTATION_COMMENTS = YES;
				CLANG_WARN_EMPTY_BODY = YES;
				CLANG_WARN_ENUM_CONVERSION = YES;
				CLANG_WARN_INFINITE_RECURSION = YES;
				CLANG_WARN_INT_CONVERSION = YES;
				CLANG_WARN_NON_LITERAL_NULL_CONVERSION = YES;
				CLANG_WARN_OBJC_IMPLICIT_RETAIN_SELF = YES;
				CLANG_WARN_OBJC_LITERAL_CONVERSION = YES;
				CLANG_WARN_OBJC_ROOT_CLASS = YES_ERROR;
				CLANG_WARN_RANGE_LOOP_ANALYSIS = YES;
				CLANG_WARN_STRICT_PROTOTYPES = YES;
				CLANG_WARN_SUSPICIOUS_MOVE = YES;
				CLANG_WARN_UNGUARDED_AVAILABILITY = YES_AGGRESSIVE;
				CLANG_WARN_UNREACHABLE_CODE = YES;
				CLANG_WARN__DUPLICATE_METHOD_MATCH = YES;
				CODE_SIGN_IDENTITY = "iPhone Developer";
				COPY_PHASE_STRIP = NO;
				DEBUG_INFORMATION_FORMAT = dwarf;
				ENABLE_STRICT_OBJC_MSGSEND = YES;
				ENABLE_TESTABILITY = YES;
				GCC_C_LANGUAGE_STANDARD = gnu11;
				GCC_DYNAMIC_NO_PIC = NO;
				GCC_NO_COMMON_BLOCKS = YES;
				GCC_OPTIMIZATION_LEVEL = 0;
				GCC_PREPROCESSOR_DEFINITIONS = (
					"DEBUG=1",
					"$(inherited)",
				);
				GCC_WARN_64_TO_32_BIT_CONVERSION = YES;
				GCC_WARN_ABOUT_RETURN_TYPE = YES_ERROR;
				GCC_WARN_UNDECLARED_SELECTOR = YES;
				GCC_WARN_UNINITIALIZED_AUTOS = YES_AGGRESSIVE;
				GCC_WARN_UNUSED_FUNCTION = YES;
				GCC_WARN_UNUSED_VARIABLE = YES;
				IPHONEOS_DEPLOYMENT_TARGET = 12.1;
				MTL_ENABLE_DEBUG_INFO = INCLUDE_SOURCE;
				MTL_FAST_MATH = YES;
				ONLY_ACTIVE_ARCH = YES;
				SDKROOT = iphoneos;
			};
			name = Debug;
		};
		A6639D0121BF5A6D006F5CE8 /* Release */ = {
			isa = XCBuildConfiguration;
			buildSettings = {
				ALWAYS_SEARCH_USER_PATHS = NO;
				CLANG_ANALYZER_NONNULL = YES;
				CLANG_ANALYZER_NUMBER_OBJECT_CONVERSION = YES_AGGRESSIVE;
				CLANG_CXX_LANGUAGE_STANDARD = "gnu++14";
				CLANG_CXX_LIBRARY = "libc++";
				CLANG_ENABLE_MODULES = YES;
				CLANG_ENABLE_OBJC_ARC = YES;
				CLANG_ENABLE_OBJC_WEAK = YES;
				CLANG_WARN_BLOCK_CAPTURE_AUTORELEASING = YES;
				CLANG_WARN_BOOL_CONVERSION = YES;
				CLANG_WARN_COMMA = YES;
				CLANG_WARN_CONSTANT_CONVERSION = YES;
				CLANG_WARN_DEPRECATED_OBJC_IMPLEMENTATIONS = YES;
				CLANG_WARN_DIRECT_OBJC_ISA_USAGE = YES_ERROR;
				CLANG_WARN_DOCUMENTATION_COMMENTS = YES;
				CLANG_WARN_EMPTY_BODY = YES;
				CLANG_WARN_ENUM_CONVERSION = YES;
				CLANG_WARN_INFINITE_RECURSION = YES;
				CLANG_WARN_INT_CONVERSION = YES;
				CLANG_WARN_NON_LITERAL_NULL_CONVERSION = YES;
				CLANG_WARN_OBJC_IMPLICIT_RETAIN_SELF = YES;
				CLANG_WARN_OBJC_LITERAL_CONVERSION = YES;
				CLANG_WARN_OBJC_ROOT_CLASS = YES_ERROR;
				CLANG_WARN_RANGE_LOOP_ANALYSIS = YES;
				CLANG_WARN_STRICT_PROTOTYPES = YES;
				CLANG_WARN_SUSPICIOUS_MOVE = YES;
				CLANG_WARN_UNGUARDED_AVAILABILITY = YES_AGGRESSIVE;
				CLANG_WARN_UNREACHABLE_CODE = YES;
				CLANG_WARN__DUPLICATE_METHOD_MATCH = YES;
				CODE_SIGN_IDENTITY = "iPhone Developer";
				COPY_PHASE_STRIP = NO;
				DEBUG_INFORMATION_FORMAT = "dwarf-with-dsym";
				ENABLE_NS_ASSERTIONS = NO;
				ENABLE_STRICT_OBJC_MSGSEND = YES;
				GCC_C_LANGUAGE_STANDARD = gnu11;
				GCC_NO_COMMON_BLOCKS = YES;
				GCC_WARN_64_TO_32_BIT_CONVERSION = YES;
				GCC_WARN_ABOUT_RETURN_TYPE = YES_ERROR;
				GCC_WARN_UNDECLARED_SELECTOR = YES;
				GCC_WARN_UNINITIALIZED_AUTOS = YES_AGGRESSIVE;
				GCC_WARN_UNUSED_FUNCTION = YES;
				GCC_WARN_UNUSED_VARIABLE = YES;
				IPHONEOS_DEPLOYMENT_TARGET = 12.1;
				MTL_ENABLE_DEBUG_INFO = NO;
				MTL_FAST_MATH = YES;
				SDKROOT = iphoneos;
				VALIDATE_PRODUCT = YES;
			};
			name = Release;
		};
		A6639D0321BF5A6D006F5CE8 /* Debug */ = {
			isa = XCBuildConfiguration;
			baseConfigurationReference = 9D47F80C852D0083C2B7C42C /* Pods-JFAudioUnit.debug.xcconfig */;
			buildSettings = {
				ASSETCATALOG_COMPILER_APPICON_NAME = AppIcon;
				CODE_SIGN_STYLE = Automatic;
				DEVELOPMENT_TEAM = X2B3LVG7M7;
				INFOPLIST_FILE = JFAudioUnit/Info.plist;
				IPHONEOS_DEPLOYMENT_TARGET = 11.0;
				LD_RUNPATH_SEARCH_PATHS = (
					"$(inherited)",
					"@executable_path/Frameworks",
				);
				PRODUCT_BUNDLE_IDENTIFIER = com.hpf.JFAudioUnit;
				PRODUCT_NAME = "$(TARGET_NAME)";
				TARGETED_DEVICE_FAMILY = "1,2";
			};
			name = Debug;
		};
		A6639D0421BF5A6D006F5CE8 /* Release */ = {
			isa = XCBuildConfiguration;
			baseConfigurationReference = 6F7AEFB31D3F002FDA5ED8B0 /* Pods-JFAudioUnit.release.xcconfig */;
			buildSettings = {
				ASSETCATALOG_COMPILER_APPICON_NAME = AppIcon;
				CODE_SIGN_STYLE = Automatic;
				DEVELOPMENT_TEAM = X2B3LVG7M7;
				INFOPLIST_FILE = JFAudioUnit/Info.plist;
				IPHONEOS_DEPLOYMENT_TARGET = 11.0;
				LD_RUNPATH_SEARCH_PATHS = (
					"$(inherited)",
					"@executable_path/Frameworks",
				);
				PRODUCT_BUNDLE_IDENTIFIER = com.hpf.JFAudioUnit;
				PRODUCT_NAME = "$(TARGET_NAME)";
				TARGETED_DEVICE_FAMILY = "1,2";
			};
			name = Release;
		};
		A6639D0621BF5A6D006F5CE8 /* Debug */ = {
			isa = XCBuildConfiguration;
			buildSettings = {
				BUNDLE_LOADER = "$(TEST_HOST)";
				CODE_SIGN_STYLE = Automatic;
				DEVELOPMENT_TEAM = X2B3LVG7M7;
				INFOPLIST_FILE = JFAudioUnitTests/Info.plist;
				LD_RUNPATH_SEARCH_PATHS = (
					"$(inherited)",
					"@executable_path/Frameworks",
					"@loader_path/Frameworks",
				);
				PRODUCT_BUNDLE_IDENTIFIER = com.hpf.JFAudioUnitTests;
				PRODUCT_NAME = "$(TARGET_NAME)";
				TARGETED_DEVICE_FAMILY = "1,2";
				TEST_HOST = "$(BUILT_PRODUCTS_DIR)/JFAudioUnit.app/JFAudioUnit";
			};
			name = Debug;
		};
		A6639D0721BF5A6D006F5CE8 /* Release */ = {
			isa = XCBuildConfiguration;
			buildSettings = {
				BUNDLE_LOADER = "$(TEST_HOST)";
				CODE_SIGN_STYLE = Automatic;
				DEVELOPMENT_TEAM = X2B3LVG7M7;
				INFOPLIST_FILE = JFAudioUnitTests/Info.plist;
				LD_RUNPATH_SEARCH_PATHS = (
					"$(inherited)",
					"@executable_path/Frameworks",
					"@loader_path/Frameworks",
				);
				PRODUCT_BUNDLE_IDENTIFIER = com.hpf.JFAudioUnitTests;
				PRODUCT_NAME = "$(TARGET_NAME)";
				TARGETED_DEVICE_FAMILY = "1,2";
				TEST_HOST = "$(BUILT_PRODUCTS_DIR)/JFAudioUnit.app/JFAudioUnit";
			};
			name = Release;
		};
		A6639D0921BF5A6D006F5CE8 /* Debug */ = {
			isa = XCBuildConfiguration;
			buildSettings = {
				CODE_SIGN_STYLE = Automatic;
				DEVELOPMENT_TEAM = X2B3LVG7M7;
				INFOPLIST_FILE = JFAudioUnitUITests/Info.plist;
				LD_RUNPATH_SEARCH_PATHS = (
					"$(inherited)",
					"@executable_path/Frameworks",
					"@loader_path/Frameworks",
				);
				PRODUCT_BUNDLE_IDENTIFIER = com.hpf.JFAudioUnitUITests;
				PRODUCT_NAME = "$(TARGET_NAME)";
				TARGETED_DEVICE_FAMILY = "1,2";
				TEST_TARGET_NAME = JFAudioUnit;
			};
			name = Debug;
		};
		A6639D0A21BF5A6D006F5CE8 /* Release */ = {
			isa = XCBuildConfiguration;
			buildSettings = {
				CODE_SIGN_STYLE = Automatic;
				DEVELOPMENT_TEAM = X2B3LVG7M7;
				INFOPLIST_FILE = JFAudioUnitUITests/Info.plist;
				LD_RUNPATH_SEARCH_PATHS = (
					"$(inherited)",
					"@executable_path/Frameworks",
					"@loader_path/Frameworks",
				);
				PRODUCT_BUNDLE_IDENTIFIER = com.hpf.JFAudioUnitUITests;
				PRODUCT_NAME = "$(TARGET_NAME)";
				TARGETED_DEVICE_FAMILY = "1,2";
				TEST_TARGET_NAME = JFAudioUnit;
			};
			name = Release;
		};
/* End XCBuildConfiguration section */

/* Begin XCConfigurationList section */
		A6639CD121BF5A6C006F5CE8 /* Build configuration list for PBXProject "JFAudioUnit" */ = {
			isa = XCConfigurationList;
			buildConfigurations = (
				A6639D0021BF5A6D006F5CE8 /* Debug */,
				A6639D0121BF5A6D006F5CE8 /* Release */,
			);
			defaultConfigurationIsVisible = 0;
			defaultConfigurationName = Release;
		};
		A6639D0221BF5A6D006F5CE8 /* Build configuration list for PBXNativeTarget "JFAudioUnit" */ = {
			isa = XCConfigurationList;
			buildConfigurations = (
				A6639D0321BF5A6D006F5CE8 /* Debug */,
				A6639D0421BF5A6D006F5CE8 /* Release */,
			);
			defaultConfigurationIsVisible = 0;
			defaultConfigurationName = Release;
		};
		A6639D0521BF5A6D006F5CE8 /* Build configuration list for PBXNativeTarget "JFAudioUnitTests" */ = {
			isa = XCConfigurationList;
			buildConfigurations = (
				A6639D0621BF5A6D006F5CE8 /* Debug */,
				A6639D0721BF5A6D006F5CE8 /* Release */,
			);
			defaultConfigurationIsVisible = 0;
			defaultConfigurationName = Release;
		};
		A6639D0821BF5A6D006F5CE8 /* Build configuration list for PBXNativeTarget "JFAudioUnitUITests" */ = {
			isa = XCConfigurationList;
			buildConfigurations = (
				A6639D0921BF5A6D006F5CE8 /* Debug */,
				A6639D0A21BF5A6D006F5CE8 /* Release */,
			);
			defaultConfigurationIsVisible = 0;
			defaultConfigurationName = Release;
		};
/* End XCConfigurationList section */
	};
	rootObject = A6639CCE21BF5A6C006F5CE8 /* Project object */;
}
